
Microsoft Visual Studio Solution File, Format Version 12.00
# Visual Studio Version 17
VisualStudioVersion = 17.8.34511.84
MinimumVisualStudioVersion = 10.0.40219.1
Project("{FAE04EC0-301F-11D3-BF4B-00C04F79EFBC}") = "УПП 11", "УПП 11\УПП 11.csproj", "{11B404D9-AA39-4EB7-BCC4-6F06E2CEB3AB}"
EndProject
Global
	GlobalSection(SolutionConfigurationPlatforms) = preSolution
		Debug|Any CPU = Debug|Any CPU
		Release|Any CPU = Release|Any CPU
	EndGlobalSection
	GlobalSection(ProjectConfigurationPlatforms) = postSolution
		{11B404D9-AA39-4EB7-BCC4-6F06E2CEB3AB}.Debug|Any CPU.ActiveCfg = Debug|Any CPU
		{11B404D9-AA39-4EB7-BCC4-6F06E2CEB3AB}.Debug|Any CPU.Build.0 = Debug|Any CPU
		{11B404D9-AA39-4EB7-BCC4-6F06E2CEB3AB}.Release|Any CPU.ActiveCfg = Release|Any CPU
		{11B404D9-AA39-4EB7-BCC4-6F06E2CEB3AB}.Release|Any CPU.Build.0 = Release|Any CPU
	EndGlobalSection
	GlobalSection(SolutionProperties) = preSolution
		HideSolutionNode = FALSE
	EndGlobalSection
	GlobalSection(ExtensibilityGlobals) = postSolution
		SolutionGuid = {63A47975-B295-491F-8F20-12F27BA3D09B}
	EndGlobalSection
EndGlobal
